# This file was autogenerated by Stack.
# You should not edit this file by hand.
# For more information, please see the documentation at:
#   https://docs.haskellstack.org/en/stable/lock_files

packages:
- completed:
    hackage: dbus-1.2.27@sha256:ffe974e90a1d642598faea3803828bb83f887c0433853608da5686ae146f0251,4562
    pantry-tree:
      size: 2795
      sha256: 38a778561ab914fda154703671a080d4a5fb70470488088ab5ce76daebb0086f
  original:
    hackage: dbus-1.2.27
snapshots: []
