# This file was autogenerated by Stack.
# You should not edit this file by hand.
# For more information, please see the documentation at:
#   https://docs.haskellstack.org/en/stable/lock_files

packages:
- completed:
    hackage: tianbar-1.2.5@sha256:a180743a97246b892ba8fed8b4640f6ca2137308c302f3f361329ec4535051b7,5780
    pantry-tree:
      sha256: 61b4b4f9036291400d331bc1f86684cf97d06e9018750b8d464ebb066a0e6cf4
      size: 2694
  original:
    hackage: tianbar-1.2.5@sha256:a180743a97246b892ba8fed8b4640f6ca2137308c302f3f361329ec4535051b7,5780
- completed:
    hackage: gi-webkit2-4.0.29@sha256:3f92f3902272b3fe5b47bb203c7cc06b3ef801423f16c4f37d116521e23d72b7,12174
    pantry-tree:
      sha256: 52520105c70bd429d917d51f595bc8c4a62b9c0e207525d22c775a20fdeb66d3
      size: 366
  original:
    hackage: gi-webkit2-4.0.29@sha256:3f92f3902272b3fe5b47bb203c7cc06b3ef801423f16c4f37d116521e23d72b7,12174
- completed:
    hackage: gi-soup-2.4.26@sha256:b0158d87ea72827507d4d7f9b3522752c3250e9596a9d25ce58076a39d5f0b4b,8937
    pantry-tree:
      sha256: 01a84865f195525410a78d8dd6a73e76f110bdb9a4c294e76171fd33c2cbe594
      size: 358
  original:
    hackage: gi-soup-2.4.26@sha256:b0158d87ea72827507d4d7f9b3522752c3250e9596a9d25ce58076a39d5f0b4b,8937
snapshots:
- completed:
    sha256: a2cbcd2f37010a64c4ef74c21fd7e55982a07b49840d2bed306f9bac9981a9c3
    size: 648420
    url: https://raw.githubusercontent.com/commercialhaskell/stackage-snapshots/master/lts/20/0.yaml
  original: lts-20.0
